NeoBundleLock vimproc 0ee785e9b6f878edc1a9f16fc0fa28b5d6f65694
NeoBundleLock vimshell 7a5726b36c61e7c88b2ea5d1d90e1fb6ad73765d
NeoBundleLock vimfiler bf368742046bf016470d7ee7ba5392170565ec16
NeoBundleLock vim-slime d549e80f33270d8f82a4d475e0e16cac6997fdcd
NeoBundleLock VimClojure 2a17c249571395a7f45523d38cac6a9326ecf8f1
NeoBundleLock neosnippet 811176b29b1a60a164c9878f8dcbe4a680ee32e5
NeoBundleLock neobundle.vim 5335a1562b0f4717dbe4a4a1e87bf300cf6f51d5
NeoBundleLock neocomplcache 68f9aa84d32389ff4393d63ad9082ca2f768420f
NeoBundleLock syntastic b340672bd03d877ede83f95ccec6a98bbd536d42
NeoBundleLock unite.vim 9b16fcf86f47dec8e6e42f43ec18abd8ef821509
NeoBundleLock neosnippet-snippets 1dcfdffd7e774f3634c257b8ede0173465454dac
NeoBundleLock nerdtree 3b98a7fcae8f9fff356907171f0406ff8cd28921
